
Microsoft Visual Studio Solution File, Format Version 12.00
# Visual Studio Version 17
VisualStudioVersion = 17.4.33205.214
MinimumVisualStudioVersion = 10.0.40219.1
Project("{2150E333-8FDC-42A3-9474-1A3956D46DE8}") = "Products", "Products", "{DA162E33-7A65-4A38-A7BB-6EAC1744139D}"
EndProject
Project("{9A19103F-16F7-4668-BE54-9A1E7A4F7556}") = "AuctionHouse.Products", "AuctionHouse.Products\AuctionHouse.Products.csproj", "{F1859600-FBDA-4D18-A8CC-10D6018242C1}"
EndProject
Project("{2150E333-8FDC-42A3-9474-1A3956D46DE8}") = "src", "src", "{B1C96E4F-FB54-4205-8AFA-93B8AE166CDA}"
EndProject
Project("{2150E333-8FDC-42A3-9474-1A3956D46DE8}") = "ApiGateway", "ApiGateway", "{3929160C-DA2B-4578-9388-464E2378F1BF}"
EndProject
Project("{2150E333-8FDC-42A3-9474-1A3956D46DE8}") = "Services", "Services", "{E8CD0723-551B-4394-9AD5-141E144BBC23}"
EndProject
Project("{2150E333-8FDC-42A3-9474-1A3956D46DE8}") = "WebApp", "WebApp", "{75C8D7CC-9507-4FFF-9FC9-2C8F5EFBFA05}"
EndProject
Project("{2150E333-8FDC-42A3-9474-1A3956D46DE8}") = "Common", "Common", "{08591507-97CE-4507-ABF5-A991CDEAC541}"
EndProject
Project("{2150E333-8FDC-42A3-9474-1A3956D46DE8}") = "Order", "Order", "{BA48D788-445A-4EDD-AEC6-E2149F6BF086}"
EndProject
Project("{2150E333-8FDC-42A3-9474-1A3956D46DE8}") = "Sourcing", "Sourcing", "{FAB09085-44D8-4EB1-8EBF-6A6D8C648C75}"
EndProject
Project("{E53339B2-1760-4266-BCC7-CA923CBCF16C}") = "docker-compose", "docker-compose.dcproj", "{12492377-95BA-4AE6-B261-2CE5CBEEA5B2}"
EndProject
Project("{9A19103F-16F7-4668-BE54-9A1E7A4F7556}") = "AuctionHouse.Sourcing", "AuctionHouse.Sourcing\AuctionHouse.Sourcing.csproj", "{4268E039-9A28-4617-A7B8-656C2D5B9ECF}"
EndProject
Project("{9A19103F-16F7-4668-BE54-9A1E7A4F7556}") = "EventBusRabbitMQ", "EventBusRabbitMQ\EventBusRabbitMQ.csproj", "{9AD82BF3-34EB-4C8A-A329-759CA38FDBFF}"
EndProject
Project("{9A19103F-16F7-4668-BE54-9A1E7A4F7556}") = "AuctionHouse.Order", "AuctionHouse.Order\AuctionHouse.Order.csproj", "{7ABC57AA-8BD3-4137-BB62-AA0ACD46945B}"
EndProject
Project("{9A19103F-16F7-4668-BE54-9A1E7A4F7556}") = "Ordering.Domain", "Ordering.Domain\Ordering.Domain.csproj", "{FC996BE9-E516-4A07-A713-41F937643E92}"
EndProject
Project("{9A19103F-16F7-4668-BE54-9A1E7A4F7556}") = "Ordering.Application", "Ordering.Application\Ordering.Application.csproj", "{AAD58ADF-253A-4C67-BDB2-EB15B426F9F1}"
EndProject
Project("{9A19103F-16F7-4668-BE54-9A1E7A4F7556}") = "Ordering.Infrastructure", "Ordering.Infrastructure\Ordering.Infrastructure.csproj", "{5AB2DE8D-E800-40B4-B8A4-73A1EBA1FAF8}"
EndProject
Project("{FAE04EC0-301F-11D3-BF4B-00C04F79EFBC}") = "AuctionHouse.APIGateway", "AuctionHouse.APIGateway\AuctionHouse.APIGateway.csproj", "{B6981B69-5772-449D-9310-D658459FB5E3}"
EndProject
Global
	GlobalSection(SolutionConfigurationPlatforms) = preSolution
		Debug|Any CPU = Debug|Any CPU
		Release|Any CPU = Release|Any CPU
	EndGlobalSection
	GlobalSection(ProjectConfigurationPlatforms) = postSolution
		{F1859600-FBDA-4D18-A8CC-10D6018242C1}.Debug|Any CPU.ActiveCfg = Debug|Any CPU
		{F1859600-FBDA-4D18-A8CC-10D6018242C1}.Debug|Any CPU.Build.0 = Debug|Any CPU
		{F1859600-FBDA-4D18-A8CC-10D6018242C1}.Release|Any CPU.ActiveCfg = Release|Any CPU
		{F1859600-FBDA-4D18-A8CC-10D6018242C1}.Release|Any CPU.Build.0 = Release|Any CPU
		{12492377-95BA-4AE6-B261-2CE5CBEEA5B2}.Debug|Any CPU.ActiveCfg = Debug|Any CPU
		{12492377-95BA-4AE6-B261-2CE5CBEEA5B2}.Debug|Any CPU.Build.0 = Debug|Any CPU
		{12492377-95BA-4AE6-B261-2CE5CBEEA5B2}.Release|Any CPU.ActiveCfg = Release|Any CPU
		{12492377-95BA-4AE6-B261-2CE5CBEEA5B2}.Release|Any CPU.Build.0 = Release|Any CPU
		{4268E039-9A28-4617-A7B8-656C2D5B9ECF}.Debug|Any CPU.ActiveCfg = Debug|Any CPU
		{4268E039-9A28-4617-A7B8-656C2D5B9ECF}.Debug|Any CPU.Build.0 = Debug|Any CPU
		{4268E039-9A28-4617-A7B8-656C2D5B9ECF}.Release|Any CPU.ActiveCfg = Release|Any CPU
		{4268E039-9A28-4617-A7B8-656C2D5B9ECF}.Release|Any CPU.Build.0 = Release|Any CPU
		{9AD82BF3-34EB-4C8A-A329-759CA38FDBFF}.Debug|Any CPU.ActiveCfg = Debug|Any CPU
		{9AD82BF3-34EB-4C8A-A329-759CA38FDBFF}.Debug|Any CPU.Build.0 = Debug|Any CPU
		{9AD82BF3-34EB-4C8A-A329-759CA38FDBFF}.Release|Any CPU.ActiveCfg = Release|Any CPU
		{9AD82BF3-34EB-4C8A-A329-759CA38FDBFF}.Release|Any CPU.Build.0 = Release|Any CPU
		{7ABC57AA-8BD3-4137-BB62-AA0ACD46945B}.Debug|Any CPU.ActiveCfg = Debug|Any CPU
		{7ABC57AA-8BD3-4137-BB62-AA0ACD46945B}.Debug|Any CPU.Build.0 = Debug|Any CPU
		{7ABC57AA-8BD3-4137-BB62-AA0ACD46945B}.Release|Any CPU.ActiveCfg = Release|Any CPU
		{7ABC57AA-8BD3-4137-BB62-AA0ACD46945B}.Release|Any CPU.Build.0 = Release|Any CPU
		{FC996BE9-E516-4A07-A713-41F937643E92}.Debug|Any CPU.ActiveCfg = Debug|Any CPU
		{FC996BE9-E516-4A07-A713-41F937643E92}.Debug|Any CPU.Build.0 = Debug|Any CPU
		{FC996BE9-E516-4A07-A713-41F937643E92}.Release|Any CPU.ActiveCfg = Release|Any CPU
		{FC996BE9-E516-4A07-A713-41F937643E92}.Release|Any CPU.Build.0 = Release|Any CPU
		{AAD58ADF-253A-4C67-BDB2-EB15B426F9F1}.Debug|Any CPU.ActiveCfg = Debug|Any CPU
		{AAD58ADF-253A-4C67-BDB2-EB15B426F9F1}.Debug|Any CPU.Build.0 = Debug|Any CPU
		{AAD58ADF-253A-4C67-BDB2-EB15B426F9F1}.Release|Any CPU.ActiveCfg = Release|Any CPU
		{AAD58ADF-253A-4C67-BDB2-EB15B426F9F1}.Release|Any CPU.Build.0 = Release|Any CPU
		{5AB2DE8D-E800-40B4-B8A4-73A1EBA1FAF8}.Debug|Any CPU.ActiveCfg = Debug|Any CPU
		{5AB2DE8D-E800-40B4-B8A4-73A1EBA1FAF8}.Debug|Any CPU.Build.0 = Debug|Any CPU
		{5AB2DE8D-E800-40B4-B8A4-73A1EBA1FAF8}.Release|Any CPU.ActiveCfg = Release|Any CPU
		{5AB2DE8D-E800-40B4-B8A4-73A1EBA1FAF8}.Release|Any CPU.Build.0 = Release|Any CPU
		{B6981B69-5772-449D-9310-D658459FB5E3}.Debug|Any CPU.ActiveCfg = Debug|Any CPU
		{B6981B69-5772-449D-9310-D658459FB5E3}.Debug|Any CPU.Build.0 = Debug|Any CPU
		{B6981B69-5772-449D-9310-D658459FB5E3}.Release|Any CPU.ActiveCfg = Release|Any CPU
		{B6981B69-5772-449D-9310-D658459FB5E3}.Release|Any CPU.Build.0 = Release|Any CPU
	EndGlobalSection
	GlobalSection(SolutionProperties) = preSolution
		HideSolutionNode = FALSE
	EndGlobalSection
	GlobalSection(NestedProjects) = preSolution
		{DA162E33-7A65-4A38-A7BB-6EAC1744139D} = {E8CD0723-551B-4394-9AD5-141E144BBC23}
		{F1859600-FBDA-4D18-A8CC-10D6018242C1} = {DA162E33-7A65-4A38-A7BB-6EAC1744139D}
		{3929160C-DA2B-4578-9388-464E2378F1BF} = {B1C96E4F-FB54-4205-8AFA-93B8AE166CDA}
		{E8CD0723-551B-4394-9AD5-141E144BBC23} = {B1C96E4F-FB54-4205-8AFA-93B8AE166CDA}
		{75C8D7CC-9507-4FFF-9FC9-2C8F5EFBFA05} = {B1C96E4F-FB54-4205-8AFA-93B8AE166CDA}
		{08591507-97CE-4507-ABF5-A991CDEAC541} = {E8CD0723-551B-4394-9AD5-141E144BBC23}
		{BA48D788-445A-4EDD-AEC6-E2149F6BF086} = {E8CD0723-551B-4394-9AD5-141E144BBC23}
		{FAB09085-44D8-4EB1-8EBF-6A6D8C648C75} = {E8CD0723-551B-4394-9AD5-141E144BBC23}
		{4268E039-9A28-4617-A7B8-656C2D5B9ECF} = {FAB09085-44D8-4EB1-8EBF-6A6D8C648C75}
		{9AD82BF3-34EB-4C8A-A329-759CA38FDBFF} = {08591507-97CE-4507-ABF5-A991CDEAC541}
		{7ABC57AA-8BD3-4137-BB62-AA0ACD46945B} = {BA48D788-445A-4EDD-AEC6-E2149F6BF086}
		{FC996BE9-E516-4A07-A713-41F937643E92} = {BA48D788-445A-4EDD-AEC6-E2149F6BF086}
		{AAD58ADF-253A-4C67-BDB2-EB15B426F9F1} = {BA48D788-445A-4EDD-AEC6-E2149F6BF086}
		{5AB2DE8D-E800-40B4-B8A4-73A1EBA1FAF8} = {BA48D788-445A-4EDD-AEC6-E2149F6BF086}
		{B6981B69-5772-449D-9310-D658459FB5E3} = {3929160C-DA2B-4578-9388-464E2378F1BF}
	EndGlobalSection
	GlobalSection(ExtensibilityGlobals) = postSolution
		SolutionGuid = {F2C8E77C-558C-4B83-9E89-4FFA66995A79}
	EndGlobalSection
EndGlobal
